
Microsoft Visual Studio Solution File, Format Version 12.00
# Visual Studio Version 17
VisualStudioVersion = 17.4.33213.308
MinimumVisualStudioVersion = 10.0.40219.1
Project("{2150E333-8FDC-42A3-9474-1A3956D46DE8}") = "src", "src", "{DBC0227B-9AC0-4D17-B0B6-019A236F1247}"
EndProject
Project("{2150E333-8FDC-42A3-9474-1A3956D46DE8}") = "test", "test", "{40865BB4-5B4C-422D-AEBF-95178D4676A4}"
EndProject
Project("{2150E333-8FDC-42A3-9474-1A3956D46DE8}") = "Api", "Api", "{D94E27A0-4DC4-4750-934E-420D9E764849}"
EndProject
Project("{2150E333-8FDC-42A3-9474-1A3956D46DE8}") = "Core", "Core", "{12D028C7-3A05-4134-8531-64A01B694C57}"
EndProject
Project("{2150E333-8FDC-42A3-9474-1A3956D46DE8}") = "Infraestructure", "Infraestructure", "{BE56A1FE-7DE2-4984-A23B-680F4C1BE399}"
EndProject
Project("{9A19103F-16F7-4668-BE54-9A1E7A4F7556}") = "Pokemon.Domain", "Pokemon.Domain\Pokemon.Domain.csproj", "{128AD850-23A3-4B89-B185-AFAAC2F7734A}"
EndProject
Project("{9A19103F-16F7-4668-BE54-9A1E7A4F7556}") = "Pokemon.API", "Pokemon.API\Pokemon.API.csproj", "{CF39ECB7-7DFC-4239-B881-3A54273D255F}"
EndProject
Project("{9A19103F-16F7-4668-BE54-9A1E7A4F7556}") = "Pokemon.Application", "Pokemon.Application\Pokemon.Application.csproj", "{5A4369D8-6BDE-4AAF-9987-4EE955EE372D}"
EndProject
Project("{9A19103F-16F7-4668-BE54-9A1E7A4F7556}") = "Pokemon.Pokeapi", "Pokemon.Pokeapi\Pokemon.Pokeapi.csproj", "{1A63E0E0-D9E3-4ECD-83A3-72B203A2AB18}"
EndProject
Project("{FAE04EC0-301F-11D3-BF4B-00C04F79EFBC}") = "Pokemon.API.Test", "Pokemon.API.Test\Pokemon.API.Test.csproj", "{1BC2C7C9-F565-4785-903F-3DD5CAE16A65}"
EndProject
Global
	GlobalSection(SolutionConfigurationPlatforms) = preSolution
		Debug|Any CPU = Debug|Any CPU
		Release|Any CPU = Release|Any CPU
	EndGlobalSection
	GlobalSection(ProjectConfigurationPlatforms) = postSolution
		{128AD850-23A3-4B89-B185-AFAAC2F7734A}.Debug|Any CPU.ActiveCfg = Debug|Any CPU
		{128AD850-23A3-4B89-B185-AFAAC2F7734A}.Debug|Any CPU.Build.0 = Debug|Any CPU
		{128AD850-23A3-4B89-B185-AFAAC2F7734A}.Release|Any CPU.ActiveCfg = Release|Any CPU
		{128AD850-23A3-4B89-B185-AFAAC2F7734A}.Release|Any CPU.Build.0 = Release|Any CPU
		{CF39ECB7-7DFC-4239-B881-3A54273D255F}.Debug|Any CPU.ActiveCfg = Debug|Any CPU
		{CF39ECB7-7DFC-4239-B881-3A54273D255F}.Debug|Any CPU.Build.0 = Debug|Any CPU
		{CF39ECB7-7DFC-4239-B881-3A54273D255F}.Release|Any CPU.ActiveCfg = Release|Any CPU
		{CF39ECB7-7DFC-4239-B881-3A54273D255F}.Release|Any CPU.Build.0 = Release|Any CPU
		{5A4369D8-6BDE-4AAF-9987-4EE955EE372D}.Debug|Any CPU.ActiveCfg = Debug|Any CPU
		{5A4369D8-6BDE-4AAF-9987-4EE955EE372D}.Debug|Any CPU.Build.0 = Debug|Any CPU
		{5A4369D8-6BDE-4AAF-9987-4EE955EE372D}.Release|Any CPU.ActiveCfg = Release|Any CPU
		{5A4369D8-6BDE-4AAF-9987-4EE955EE372D}.Release|Any CPU.Build.0 = Release|Any CPU
		{1A63E0E0-D9E3-4ECD-83A3-72B203A2AB18}.Debug|Any CPU.ActiveCfg = Debug|Any CPU
		{1A63E0E0-D9E3-4ECD-83A3-72B203A2AB18}.Debug|Any CPU.Build.0 = Debug|Any CPU
		{1A63E0E0-D9E3-4ECD-83A3-72B203A2AB18}.Release|Any CPU.ActiveCfg = Release|Any CPU
		{1A63E0E0-D9E3-4ECD-83A3-72B203A2AB18}.Release|Any CPU.Build.0 = Release|Any CPU
		{1BC2C7C9-F565-4785-903F-3DD5CAE16A65}.Debug|Any CPU.ActiveCfg = Debug|Any CPU
		{1BC2C7C9-F565-4785-903F-3DD5CAE16A65}.Debug|Any CPU.Build.0 = Debug|Any CPU
		{1BC2C7C9-F565-4785-903F-3DD5CAE16A65}.Release|Any CPU.ActiveCfg = Release|Any CPU
		{1BC2C7C9-F565-4785-903F-3DD5CAE16A65}.Release|Any CPU.Build.0 = Release|Any CPU
	EndGlobalSection
	GlobalSection(SolutionProperties) = preSolution
		HideSolutionNode = FALSE
	EndGlobalSection
	GlobalSection(NestedProjects) = preSolution
		{D94E27A0-4DC4-4750-934E-420D9E764849} = {DBC0227B-9AC0-4D17-B0B6-019A236F1247}
		{12D028C7-3A05-4134-8531-64A01B694C57} = {DBC0227B-9AC0-4D17-B0B6-019A236F1247}
		{BE56A1FE-7DE2-4984-A23B-680F4C1BE399} = {DBC0227B-9AC0-4D17-B0B6-019A236F1247}
		{128AD850-23A3-4B89-B185-AFAAC2F7734A} = {12D028C7-3A05-4134-8531-64A01B694C57}
		{CF39ECB7-7DFC-4239-B881-3A54273D255F} = {D94E27A0-4DC4-4750-934E-420D9E764849}
		{5A4369D8-6BDE-4AAF-9987-4EE955EE372D} = {12D028C7-3A05-4134-8531-64A01B694C57}
		{1A63E0E0-D9E3-4ECD-83A3-72B203A2AB18} = {BE56A1FE-7DE2-4984-A23B-680F4C1BE399}
		{1BC2C7C9-F565-4785-903F-3DD5CAE16A65} = {40865BB4-5B4C-422D-AEBF-95178D4676A4}
	EndGlobalSection
	GlobalSection(ExtensibilityGlobals) = postSolution
		SolutionGuid = {5FDCC706-D9CB-4913-B949-88416DFE729C}
	EndGlobalSection
EndGlobal
